
Microsoft Visual Studio Solution File, Format Version 10.00
# Visual Studio 2008
Project("{2150E333-8FDC-42A3-9474-1A3956D46DE8}") = "LuaJIT Libraries", "LuaJIT Libraries", "{BAB92C58-DACE-4CB5-BDDD-98F0B6D5FF87}"
EndProject
Project("{2150E333-8FDC-42A3-9474-1A3956D46DE8}") = "LuaJIT", "LuaJIT", "{73A91892-1F16-47BD-B4EA-9EC770EF02AD}"
EndProject
Project("{2150E333-8FDC-42A3-9474-1A3956D46DE8}") = "Static Libraries", "Static Libraries", "{E43CA343-959C-4B8A-B78D-1E7DB02DCD13}"
EndProject
Project("{8BC9CEB8-8B4A-11D0-8D11-00A0C91BC942}") = "XsLuaJIT", "XsLuaJIT\XsLuaJIT.vcproj", "{1EE9D259-68E5-4DDD-A372-A25F73756CF4}"
	ProjectSection(ProjectDependencies) = postProject
		{4B2CF418-B697-40F3-853D-D79AFC6FC1D8} = {4B2CF418-B697-40F3-853D-D79AFC6FC1D8}
	EndProjectSection
EndProject
Project("{8BC9CEB8-8B4A-11D0-8D11-00A0C91BC942}") = "XsLuaLib_Xs", "XsLuaLib_Xs\XsLuaLib_Xs.vcproj", "{6D50B185-E8C5-4493-ABBC-A4BE637FAB53}"
	ProjectSection(ProjectDependencies) = postProject
		{1EE9D259-68E5-4DDD-A372-A25F73756CF4} = {1EE9D259-68E5-4DDD-A372-A25F73756CF4}
	EndProjectSection
EndProject
Project("{8BC9CEB8-8B4A-11D0-8D11-00A0C91BC942}") = "Shiny", "XsLuaLib_Shiny\Shiny\Shiny.vcproj", "{D44CCFEB-7FC2-46E6-8290-E0B00D06A636}"
EndProject
Project("{8BC9CEB8-8B4A-11D0-8D11-00A0C91BC942}") = "XsLuaLib_Shiny", "XsLuaLib_Shiny\ShinyLua\ShinyLua.vcproj", "{98E8A575-2BDC-4A8C-8917-6BFF1EC660E8}"
	ProjectSection(ProjectDependencies) = postProject
		{1EE9D259-68E5-4DDD-A372-A25F73756CF4} = {1EE9D259-68E5-4DDD-A372-A25F73756CF4}
		{D44CCFEB-7FC2-46E6-8290-E0B00D06A636} = {D44CCFEB-7FC2-46E6-8290-E0B00D06A636}
	EndProjectSection
EndProject
Project("{8BC9CEB8-8B4A-11D0-8D11-00A0C91BC942}") = "GameLib", "GameLib\GameLib.vcproj", "{282B9CCF-D0C1-4E52-870A-BACBFE1C1E81}"
EndProject
Project("{8BC9CEB8-8B4A-11D0-8D11-00A0C91BC942}") = "common", "..\..\..\..\..\..\Development\Projects\XsLuaJIT\common\common.vcproj", "{4B2CF418-B697-40F3-853D-D79AFC6FC1D8}"
EndProject
Project("{8BC9CEB8-8B4A-11D0-8D11-00A0C91BC942}") = "LuaJIT2", "LuaJIT2\LuaJIT2.vcproj", "{F08BB18B-6A67-4EE0-B724-491A53415326}"
EndProject
Project("{2150E333-8FDC-42A3-9474-1A3956D46DE8}") = "Launcher", "Launcher", "{AC2314B3-E8ED-423D-A540-A3C7CF5315C7}"
EndProject
Project("{8BC9CEB8-8B4A-11D0-8D11-00A0C91BC942}") = "XsLauncher", "XsLauncher\XsLauncher.vcproj", "{3027A95F-1999-4961-AACA-A72DD9B2D553}"
EndProject
Global
	GlobalSection(SolutionConfigurationPlatforms) = preSolution
		Debug (SIMD)|Win32 = Debug (SIMD)|Win32
		Debug|Win32 = Debug|Win32
		Release (SIMD)|Win32 = Release (SIMD)|Win32
		Release|Win32 = Release|Win32
	EndGlobalSection
	GlobalSection(ProjectConfigurationPlatforms) = postSolution
		{1EE9D259-68E5-4DDD-A372-A25F73756CF4}.Debug (SIMD)|Win32.ActiveCfg = Release (SIMD)|Win32
		{1EE9D259-68E5-4DDD-A372-A25F73756CF4}.Debug (SIMD)|Win32.Build.0 = Release (SIMD)|Win32
		{1EE9D259-68E5-4DDD-A372-A25F73756CF4}.Debug|Win32.ActiveCfg = Debug (x87)|Win32
		{1EE9D259-68E5-4DDD-A372-A25F73756CF4}.Debug|Win32.Build.0 = Debug (x87)|Win32
		{1EE9D259-68E5-4DDD-A372-A25F73756CF4}.Release (SIMD)|Win32.ActiveCfg = Release (SIMD)|Win32
		{1EE9D259-68E5-4DDD-A372-A25F73756CF4}.Release (SIMD)|Win32.Build.0 = Release (SIMD)|Win32
		{1EE9D259-68E5-4DDD-A372-A25F73756CF4}.Release|Win32.ActiveCfg = Release (x87)|Win32
		{1EE9D259-68E5-4DDD-A372-A25F73756CF4}.Release|Win32.Build.0 = Release (x87)|Win32
		{6D50B185-E8C5-4493-ABBC-A4BE637FAB53}.Debug (SIMD)|Win32.ActiveCfg = Debug|Win32
		{6D50B185-E8C5-4493-ABBC-A4BE637FAB53}.Debug|Win32.ActiveCfg = Debug|Win32
		{6D50B185-E8C5-4493-ABBC-A4BE637FAB53}.Debug|Win32.Build.0 = Debug|Win32
		{6D50B185-E8C5-4493-ABBC-A4BE637FAB53}.Release (SIMD)|Win32.ActiveCfg = Release|Win32
		{6D50B185-E8C5-4493-ABBC-A4BE637FAB53}.Release|Win32.ActiveCfg = Release|Win32
		{6D50B185-E8C5-4493-ABBC-A4BE637FAB53}.Release|Win32.Build.0 = Release|Win32
		{D44CCFEB-7FC2-46E6-8290-E0B00D06A636}.Debug (SIMD)|Win32.ActiveCfg = Debug|Win32
		{D44CCFEB-7FC2-46E6-8290-E0B00D06A636}.Debug (SIMD)|Win32.Build.0 = Debug|Win32
		{D44CCFEB-7FC2-46E6-8290-E0B00D06A636}.Debug|Win32.ActiveCfg = Debug|Win32
		{D44CCFEB-7FC2-46E6-8290-E0B00D06A636}.Debug|Win32.Build.0 = Debug|Win32
		{D44CCFEB-7FC2-46E6-8290-E0B00D06A636}.Release (SIMD)|Win32.ActiveCfg = Release|Win32
		{D44CCFEB-7FC2-46E6-8290-E0B00D06A636}.Release (SIMD)|Win32.Build.0 = Release|Win32
		{D44CCFEB-7FC2-46E6-8290-E0B00D06A636}.Release|Win32.ActiveCfg = Release|Win32
		{D44CCFEB-7FC2-46E6-8290-E0B00D06A636}.Release|Win32.Build.0 = Release|Win32
		{98E8A575-2BDC-4A8C-8917-6BFF1EC660E8}.Debug (SIMD)|Win32.ActiveCfg = Debug|Win32
		{98E8A575-2BDC-4A8C-8917-6BFF1EC660E8}.Debug (SIMD)|Win32.Build.0 = Debug|Win32
		{98E8A575-2BDC-4A8C-8917-6BFF1EC660E8}.Debug|Win32.ActiveCfg = Debug|Win32
		{98E8A575-2BDC-4A8C-8917-6BFF1EC660E8}.Debug|Win32.Build.0 = Debug|Win32
		{98E8A575-2BDC-4A8C-8917-6BFF1EC660E8}.Release (SIMD)|Win32.ActiveCfg = Release|Win32
		{98E8A575-2BDC-4A8C-8917-6BFF1EC660E8}.Release (SIMD)|Win32.Build.0 = Release|Win32
		{98E8A575-2BDC-4A8C-8917-6BFF1EC660E8}.Release|Win32.ActiveCfg = Release|Win32
		{98E8A575-2BDC-4A8C-8917-6BFF1EC660E8}.Release|Win32.Build.0 = Release|Win32
		{282B9CCF-D0C1-4E52-870A-BACBFE1C1E81}.Debug (SIMD)|Win32.ActiveCfg = Debug|Win32
		{282B9CCF-D0C1-4E52-870A-BACBFE1C1E81}.Debug (SIMD)|Win32.Build.0 = Debug|Win32
		{282B9CCF-D0C1-4E52-870A-BACBFE1C1E81}.Debug|Win32.ActiveCfg = Debug|Win32
		{282B9CCF-D0C1-4E52-870A-BACBFE1C1E81}.Debug|Win32.Build.0 = Debug|Win32
		{282B9CCF-D0C1-4E52-870A-BACBFE1C1E81}.Release (SIMD)|Win32.ActiveCfg = Release|Win32
		{282B9CCF-D0C1-4E52-870A-BACBFE1C1E81}.Release (SIMD)|Win32.Build.0 = Release|Win32
		{282B9CCF-D0C1-4E52-870A-BACBFE1C1E81}.Release|Win32.ActiveCfg = Release|Win32
		{282B9CCF-D0C1-4E52-870A-BACBFE1C1E81}.Release|Win32.Build.0 = Release|Win32
		{4B2CF418-B697-40F3-853D-D79AFC6FC1D8}.Debug (SIMD)|Win32.ActiveCfg = Debug|Win32
		{4B2CF418-B697-40F3-853D-D79AFC6FC1D8}.Debug (SIMD)|Win32.Build.0 = Debug|Win32
		{4B2CF418-B697-40F3-853D-D79AFC6FC1D8}.Debug|Win32.ActiveCfg = Debug|Win32
		{4B2CF418-B697-40F3-853D-D79AFC6FC1D8}.Debug|Win32.Build.0 = Debug|Win32
		{4B2CF418-B697-40F3-853D-D79AFC6FC1D8}.Release (SIMD)|Win32.ActiveCfg = Release|Win32
		{4B2CF418-B697-40F3-853D-D79AFC6FC1D8}.Release (SIMD)|Win32.Build.0 = Release|Win32
		{4B2CF418-B697-40F3-853D-D79AFC6FC1D8}.Release|Win32.ActiveCfg = Release|Win32
		{4B2CF418-B697-40F3-853D-D79AFC6FC1D8}.Release|Win32.Build.0 = Release|Win32
		{F08BB18B-6A67-4EE0-B724-491A53415326}.Debug (SIMD)|Win32.ActiveCfg = Debug|Win32
		{F08BB18B-6A67-4EE0-B724-491A53415326}.Debug (SIMD)|Win32.Build.0 = Debug|Win32
		{F08BB18B-6A67-4EE0-B724-491A53415326}.Debug|Win32.ActiveCfg = Debug|Win32
		{F08BB18B-6A67-4EE0-B724-491A53415326}.Debug|Win32.Build.0 = Debug|Win32
		{F08BB18B-6A67-4EE0-B724-491A53415326}.Release (SIMD)|Win32.ActiveCfg = Release|Win32
		{F08BB18B-6A67-4EE0-B724-491A53415326}.Release (SIMD)|Win32.Build.0 = Release|Win32
		{F08BB18B-6A67-4EE0-B724-491A53415326}.Release|Win32.ActiveCfg = Release|Win32
		{F08BB18B-6A67-4EE0-B724-491A53415326}.Release|Win32.Build.0 = Release|Win32
		{3027A95F-1999-4961-AACA-A72DD9B2D553}.Debug (SIMD)|Win32.ActiveCfg = Debug|Win32
		{3027A95F-1999-4961-AACA-A72DD9B2D553}.Debug (SIMD)|Win32.Build.0 = Debug|Win32
		{3027A95F-1999-4961-AACA-A72DD9B2D553}.Debug|Win32.ActiveCfg = Debug|Win32
		{3027A95F-1999-4961-AACA-A72DD9B2D553}.Debug|Win32.Build.0 = Debug|Win32
		{3027A95F-1999-4961-AACA-A72DD9B2D553}.Release (SIMD)|Win32.ActiveCfg = Release|Win32
		{3027A95F-1999-4961-AACA-A72DD9B2D553}.Release (SIMD)|Win32.Build.0 = Release|Win32
		{3027A95F-1999-4961-AACA-A72DD9B2D553}.Release|Win32.ActiveCfg = Release|Win32
		{3027A95F-1999-4961-AACA-A72DD9B2D553}.Release|Win32.Build.0 = Release|Win32
	EndGlobalSection
	GlobalSection(SolutionProperties) = preSolution
		HideSolutionNode = FALSE
	EndGlobalSection
	GlobalSection(NestedProjects) = preSolution
		{6D50B185-E8C5-4493-ABBC-A4BE637FAB53} = {BAB92C58-DACE-4CB5-BDDD-98F0B6D5FF87}
		{98E8A575-2BDC-4A8C-8917-6BFF1EC660E8} = {BAB92C58-DACE-4CB5-BDDD-98F0B6D5FF87}
		{1EE9D259-68E5-4DDD-A372-A25F73756CF4} = {73A91892-1F16-47BD-B4EA-9EC770EF02AD}
		{F08BB18B-6A67-4EE0-B724-491A53415326} = {73A91892-1F16-47BD-B4EA-9EC770EF02AD}
		{D44CCFEB-7FC2-46E6-8290-E0B00D06A636} = {E43CA343-959C-4B8A-B78D-1E7DB02DCD13}
		{282B9CCF-D0C1-4E52-870A-BACBFE1C1E81} = {E43CA343-959C-4B8A-B78D-1E7DB02DCD13}
		{4B2CF418-B697-40F3-853D-D79AFC6FC1D8} = {E43CA343-959C-4B8A-B78D-1E7DB02DCD13}
		{3027A95F-1999-4961-AACA-A72DD9B2D553} = {AC2314B3-E8ED-423D-A540-A3C7CF5315C7}
	EndGlobalSection
EndGlobal
